
Microsoft Visual Studio Solution File, Format Version 12.00
# Visual Studio Version 16
VisualStudioVersion = 16.0.31605.320
MinimumVisualStudioVersion = 10.0.40219.1
Project("{FAE04EC0-301F-11D3-BF4B-00C04F79EFBC}") = "FerreteríaPuntoVenta", "FerreteríaPuntoVenta.csproj", "{BF53B821-AE34-4779-831B-309AFB202BC9}"
EndProject
Global
	GlobalSection(SolutionConfigurationPlatforms) = preSolution
		Debug|Any CPU = Debug|Any CPU
		Release|Any CPU = Release|Any CPU
	EndGlobalSection
	GlobalSection(ProjectConfigurationPlatforms) = postSolution
		{BF53B821-AE34-4779-831B-309AFB202BC9}.Debug|Any CPU.ActiveCfg = Debug|Any CPU
		{BF53B821-AE34-4779-831B-309AFB202BC9}.Debug|Any CPU.Build.0 = Debug|Any CPU
		{BF53B821-AE34-4779-831B-309AFB202BC9}.Release|Any CPU.ActiveCfg = Release|Any CPU
		{BF53B821-AE34-4779-831B-309AFB202BC9}.Release|Any CPU.Build.0 = Release|Any CPU
	EndGlobalSection
	GlobalSection(SolutionProperties) = preSolution
		HideSolutionNode = FALSE
	EndGlobalSection
	GlobalSection(ExtensibilityGlobals) = postSolution
		SolutionGuid = {3C150878-A2B0-454A-9246-1FC929F60910}
	EndGlobalSection
EndGlobal
